// !$*UTF8*$!
{
	archiveVersion = 1;
	classes = {
	};
	objectVersion = 46;
	objects = {

/* Begin PBXBuildFile section */
		E21258BB1A977C2F00EB4210 /* evkur.png in Resources */ = {isa = PBXBuildFile; fileRef = E21258BA1A977C2F00EB4210 /* evkur.png */; };
		E25200BD1A6FC46300ACBD50 /* LoginViewController.swift in Sources */ = {isa = PBXBuildFile; fileRef = E25200BC1A6FC46300ACBD50 /* LoginViewController.swift */; };
		E25200C11A6FC57F00ACBD50 /* facebooklogin.png in Resources */ = {isa = PBXBuildFile; fileRef = E25200C01A6FC57F00ACBD50 /* facebooklogin.png */; };
		E25200C31A6FC98C00ACBD50 /* SignUpViewController.swift in Sources */ = {isa = PBXBuildFile; fileRef = E25200C21A6FC98C00ACBD50 /* SignUpViewController.swift */; };
		E26D27C51AB0A10F00F3008B /* info.png in Resources */ = {isa = PBXBuildFile; fileRef = E26D27C31AB0A10F00F3008B /* info.png */; };
		E26D27C61AB0A10F00F3008B /* poll.png in Resources */ = {isa = PBXBuildFile; fileRef = E26D27C41AB0A10F00F3008B /* poll.png */; };
		E26D27C81AB0C31200F3008B /* launchScreen.jpg in Resources */ = {isa = PBXBuildFile; fileRef = E26D27C71AB0C31200F3008B /* launchScreen.jpg */; };
		E2CBD6491A6FAA9200E3B179 /* AppDelegate.swift in Sources */ = {isa = PBXBuildFile; fileRef = E2CBD6481A6FAA9200E3B179 /* AppDelegate.swift */; };
		E2CBD64B1A6FAA9200E3B179 /* FirstViewController.swift in Sources */ = {isa = PBXBuildFile; fileRef = E2CBD64A1A6FAA9200E3B179 /* FirstViewController.swift */; };
		E2CBD64D1A6FAA9200E3B179 /* SecondViewController.swift in Sources */ = {isa = PBXBuildFile; fileRef = E2CBD64C1A6FAA9200E3B179 /* SecondViewController.swift */; };
		E2CBD6501A6FAA9200E3B179 /* Main.storyboard in Resources */ = {isa = PBXBuildFile; fileRef = E2CBD64E1A6FAA9200E3B179 /* Main.storyboard */; };
		E2CBD6521A6FAA9200E3B179 /* Images.xcassets in Resources */ = {isa = PBXBuildFile; fileRef = E2CBD6511A6FAA9200E3B179 /* Images.xcassets */; };
		E2CBD6551A6FAA9200E3B179 /* LaunchScreen.xib in Resources */ = {isa = PBXBuildFile; fileRef = E2CBD6531A6FAA9200E3B179 /* LaunchScreen.xib */; };
		E2CBD6611A6FAA9200E3B179 /* IngPollTests.swift in Sources */ = {isa = PBXBuildFile; fileRef = E2CBD6601A6FAA9200E3B179 /* IngPollTests.swift */; };
		E2CBD66B1A6FAAEC00E3B179 /* FacebookSDK.framework in Frameworks */ = {isa = PBXBuildFile; fileRef = E2CBD66A1A6FAAEC00E3B179 /* FacebookSDK.framework */; };
		E2CBD6721A6FAF1C00E3B179 /* Bolts.framework in Frameworks */ = {isa = PBXBuildFile; fileRef = E2CBD66F1A6FAF1C00E3B179 /* Bolts.framework */; };
		E2CBD6731A6FAF1C00E3B179 /* Parse.framework in Frameworks */ = {isa = PBXBuildFile; fileRef = E2CBD6701A6FAF1C00E3B179 /* Parse.framework */; };
		E2CBD6741A6FAF1C00E3B179 /* ParseFacebookUtils.framework in Frameworks */ = {isa = PBXBuildFile; fileRef = E2CBD6711A6FAF1C00E3B179 /* ParseFacebookUtils.framework */; };
		E2CBD6761A6FAFE200E3B179 /* AudioToolbox.framework in Frameworks */ = {isa = PBXBuildFile; fileRef = E2CBD6751A6FAFE200E3B179 /* AudioToolbox.framework */; };
		E2CBD6781A6FB00000E3B179 /* CFNetwork.framework in Frameworks */ = {isa = PBXBuildFile; fileRef = E2CBD6771A6FB00000E3B179 /* CFNetwork.framework */; };
		E2CBD67A1A6FB00F00E3B179 /* CoreGraphics.framework in Frameworks */ = {isa = PBXBuildFile; fileRef = E2CBD6791A6FB00F00E3B179 /* CoreGraphics.framework */; };
		E2CBD67C1A6FB02A00E3B179 /* CoreLocation.framework in Frameworks */ = {isa = PBXBuildFile; fileRef = E2CBD67B1A6FB02A00E3B179 /* CoreLocation.framework */; };
		E2CBD67E1A6FB03E00E3B179 /* libz.dylib in Frameworks */ = {isa = PBXBuildFile; fileRef = E2CBD67D1A6FB03E00E3B179 /* libz.dylib */; };
		E2CBD6801A6FB04600E3B179 /* MobileCoreServices.framework in Frameworks */ = {isa = PBXBuildFile; fileRef = E2CBD67F1A6FB04600E3B179 /* MobileCoreServices.framework */; };
		E2CBD6821A6FB05A00E3B179 /* QuartzCore.framework in Frameworks */ = {isa = PBXBuildFile; fileRef = E2CBD6811A6FB05A00E3B179 /* QuartzCore.framework */; };
		E2CBD6841A6FB06500E3B179 /* Security.framework in Frameworks */ = {isa = PBXBuildFile; fileRef = E2CBD6831A6FB06500E3B179 /* Security.framework */; };
		E2CBD6861A6FB06E00E3B179 /* StoreKit.framework in Frameworks */ = {isa = PBXBuildFile; fileRef = E2CBD6851A6FB06E00E3B179 /* StoreKit.framework */; };
		E2CBD6881A6FB07E00E3B179 /* SystemConfiguration.framework in Frameworks */ = {isa = PBXBuildFile; fileRef = E2CBD6871A6FB07E00E3B179 /* SystemConfiguration.framework */; };
		E2EC082D1A8F73F80076DC7E /* backgroundImage.png in Resources */ = {isa = PBXBuildFile; fileRef = E2EC082C1A8F73F80076DC7E /* backgroundImage.png */; };
/* End PBXBuildFile section */

/* Begin PBXContainerItemProxy section */
		E2CBD65B1A6FAA9200E3B179 /* PBXContainerItemProxy */ = {
			isa = PBXContainerItemProxy;
			containerPortal = E2CBD63B1A6FAA9200E3B179 /* Project object */;
			proxyType = 1;
			remoteGlobalIDString = E2CBD6421A6FAA9200E3B179;
			remoteInfo = IngPoll;
		};
/* End PBXContainerItemProxy section */

/* Begin PBXFileReference section */
		E21258BA1A977C2F00EB4210 /* evkur.png */ = {isa = PBXFileReference; lastKnownFileType = image.png; path = evkur.png; sourceTree = "<group>"; };
		E25200BC1A6FC46300ACBD50 /* LoginViewController.swift */ = {isa = PBXFileReference; fileEncoding = 4; lastKnownFileType = sourcecode.swift; path = LoginViewController.swift; sourceTree = "<group>"; };
		E25200C01A6FC57F00ACBD50 /* facebooklogin.png */ = {isa = PBXFileReference; lastKnownFileType = image.png; path = facebooklogin.png; sourceTree = "<group>"; };
		E25200C21A6FC98C00ACBD50 /* SignUpViewController.swift */ = {isa = PBXFileReference; fileEncoding = 4; lastKnownFileType = sourcecode.swift; path = SignUpViewController.swift; sourceTree = "<group>"; };
		E26D27C31AB0A10F00F3008B /* info.png */ = {isa = PBXFileReference; lastKnownFileType = image.png; path = info.png; sourceTree = "<group>"; };
		E26D27C41AB0A10F00F3008B /* poll.png */ = {isa = PBXFileReference; lastKnownFileType = image.png; path = poll.png; sourceTree = "<group>"; };
		E26D27C71AB0C31200F3008B /* launchScreen.jpg */ = {isa = PBXFileReference; lastKnownFileType = image.jpeg; path = launchScreen.jpg; sourceTree = "<group>"; };
		E2CBD6431A6FAA9200E3B179 /* IngPoll.app */ = {isa = PBXFileReference; explicitFileType = wrapper.application; includeInIndex = 0; path = IngPoll.app; sourceTree = BUILT_PRODUCTS_DIR; };
		E2CBD6471A6FAA9200E3B179 /* Info.plist */ = {isa = PBXFileReference; lastKnownFileType = text.plist.xml; path = Info.plist; sourceTree = "<group>"; };
		E2CBD6481A6FAA9200E3B179 /* AppDelegate.swift */ = {isa = PBXFileReference; lastKnownFileType = sourcecode.swift; path = AppDelegate.swift; sourceTree = "<group>"; };
		E2CBD64A1A6FAA9200E3B179 /* FirstViewController.swift */ = {isa = PBXFileReference; lastKnownFileType = sourcecode.swift; path = FirstViewController.swift; sourceTree = "<group>"; };
		E2CBD64C1A6FAA9200E3B179 /* SecondViewController.swift */ = {isa = PBXFileReference; lastKnownFileType = sourcecode.swift; path = SecondViewController.swift; sourceTree = "<group>"; };
		E2CBD64F1A6FAA9200E3B179 /* Base */ = {isa = PBXFileReference; lastKnownFileType = file.storyboard; name = Base; path = Base.lproj/Main.storyboard; sourceTree = "<group>"; };
		E2CBD6511A6FAA9200E3B179 /* Images.xcassets */ = {isa = PBXFileReference; lastKnownFileType = folder.assetcatalog; path = Images.xcassets; sourceTree = "<group>"; };
		E2CBD6541A6FAA9200E3B179 /* Base */ = {isa = PBXFileReference; lastKnownFileType = file.xib; name = Base; path = Base.lproj/LaunchScreen.xib; sourceTree = "<group>"; };
		E2CBD65A1A6FAA9200E3B179 /* IngPollTests.xctest */ = {isa = PBXFileReference; explicitFileType = wrapper.cfbundle; includeInIndex = 0; path = IngPollTests.xctest; sourceTree = BUILT_PRODUCTS_DIR; };
		E2CBD65F1A6FAA9200E3B179 /* Info.plist */ = {isa = PBXFileReference; lastKnownFileType = text.plist.xml; path = Info.plist; sourceTree = "<group>"; };
		E2CBD6601A6FAA9200E3B179 /* IngPollTests.swift */ = {isa = PBXFileReference; lastKnownFileType = sourcecode.swift; path = IngPollTests.swift; sourceTree = "<group>"; };
		E2CBD66A1A6FAAEC00E3B179 /* FacebookSDK.framework */ = {isa = PBXFileReference; lastKnownFileType = wrapper.framework; path = FacebookSDK.framework; sourceTree = "<group>"; };
		E2CBD66C1A6FADB200E3B179 /* IngPoll-Bridging-Header.h */ = {isa = PBXFileReference; lastKnownFileType = sourcecode.c.h; path = "IngPoll-Bridging-Header.h"; sourceTree = "<group>"; };
		E2CBD66F1A6FAF1C00E3B179 /* Bolts.framework */ = {isa = PBXFileReference; lastKnownFileType = wrapper.framework; path = Bolts.framework; sourceTree = "<group>"; };
		E2CBD6701A6FAF1C00E3B179 /* Parse.framework */ = {isa = PBXFileReference; lastKnownFileType = wrapper.framework; path = Parse.framework; sourceTree = "<group>"; };
		E2CBD6711A6FAF1C00E3B179 /* ParseFacebookUtils.framework */ = {isa = PBXFileReference; lastKnownFileType = wrapper.framework; path = ParseFacebookUtils.framework; sourceTree = "<group>"; };
		E2CBD6751A6FAFE200E3B179 /* AudioToolbox.framework */ = {isa = PBXFileReference; lastKnownFileType = wrapper.framework; name = AudioToolbox.framework; path = System/Library/Frameworks/AudioToolbox.framework; sourceTree = SDKROOT; };
		E2CBD6771A6FB00000E3B179 /* CFNetwork.framework */ = {isa = PBXFileReference; lastKnownFileType = wrapper.framework; name = CFNetwork.framework; path = System/Library/Frameworks/CFNetwork.framework; sourceTree = SDKROOT; };
		E2CBD6791A6FB00F00E3B179 /* CoreGraphics.framework */ = {isa = PBXFileReference; lastKnownFileType = wrapper.framework; name = CoreGraphics.framework; path = System/Library/Frameworks/CoreGraphics.framework; sourceTree = SDKROOT; };
		E2CBD67B1A6FB02A00E3B179 /* CoreLocation.framework */ = {isa = PBXFileReference; lastKnownFileType = wrapper.framework; name = CoreLocation.framework; path = System/Library/Frameworks/CoreLocation.framework; sourceTree = SDKROOT; };
		E2CBD67D1A6FB03E00E3B179 /* libz.dylib */ = {isa = PBXFileReference; lastKnownFileType = "compiled.mach-o.dylib"; name = libz.dylib; path = usr/lib/libz.dylib; sourceTree = SDKROOT; };
		E2CBD67F1A6FB04600E3B179 /* MobileCoreServices.framework */ = {isa = PBXFileReference; lastKnownFileType = wrapper.framework; name = MobileCoreServices.framework; path = System/Library/Frameworks/MobileCoreServices.framework; sourceTree = SDKROOT; };
		E2CBD6811A6FB05A00E3B179 /* QuartzCore.framework */ = {isa = PBXFileReference; lastKnownFileType = wrapper.framework; name = QuartzCore.framework; path = System/Library/Frameworks/QuartzCore.framework; sourceTree = SDKROOT; };
		E2CBD6831A6FB06500E3B179 /* Security.framework */ = {isa = PBXFileReference; lastKnownFileType = wrapper.framework; name = Security.framework; path = System/Library/Frameworks/Security.framework; sourceTree = SDKROOT; };
		E2CBD6851A6FB06E00E3B179 /* StoreKit.framework */ = {isa = PBXFileReference; lastKnownFileType = wrapper.framework; name = StoreKit.framework; path = System/Library/Frameworks/StoreKit.framework; sourceTree = SDKROOT; };
		E2CBD6871A6FB07E00E3B179 /* SystemConfiguration.framework */ = {isa = PBXFileReference; lastKnownFileType = wrapper.framework; name = SystemConfiguration.framework; path = System/Library/Frameworks/SystemConfiguration.framework; sourceTree = SDKROOT; };
		E2EC082C1A8F73F80076DC7E /* backgroundImage.png */ = {isa = PBXFileReference; lastKnownFileType = image.png; path = backgroundImage.png; sourceTree = "<group>"; };
/* End PBXFileReference section */

/* Begin PBXFrameworksBuildPhase section */
		E2CBD6401A6FAA9200E3B179 /* Frameworks */ = {
			isa = PBXFrameworksBuildPhase;
			buildActionMask = 2147483647;
			files = (
				E2CBD6881A6FB07E00E3B179 /* SystemConfiguration.framework in Frameworks */,
				E2CBD6861A6FB06E00E3B179 /* StoreKit.framework in Frameworks */,
				E2CBD6841A6FB06500E3B179 /* Security.framework in Frameworks */,
				E2CBD6821A6FB05A00E3B179 /* QuartzCore.framework in Frameworks */,
				E2CBD6801A6FB04600E3B179 /* MobileCoreServices.framework in Frameworks */,
				E2CBD67E1A6FB03E00E3B179 /* libz.dylib in Frameworks */,
				E2CBD67C1A6FB02A00E3B179 /* CoreLocation.framework in Frameworks */,
				E2CBD67A1A6FB00F00E3B179 /* CoreGraphics.framework in Frameworks */,
				E2CBD6781A6FB00000E3B179 /* CFNetwork.framework in Frameworks */,
				E2CBD6761A6FAFE200E3B179 /* AudioToolbox.framework in Frameworks */,
				E2CBD66B1A6FAAEC00E3B179 /* FacebookSDK.framework in Frameworks */,
				E2CBD6731A6FAF1C00E3B179 /* Parse.framework in Frameworks */,
				E2CBD6741A6FAF1C00E3B179 /* ParseFacebookUtils.framework in Frameworks */,
				E2CBD6721A6FAF1C00E3B179 /* Bolts.framework in Frameworks */,
			);
			runOnlyForDeploymentPostprocessing = 0;
		};
		E2CBD6571A6FAA9200E3B179 /* Frameworks */ = {
			isa = PBXFrameworksBuildPhase;
			buildActionMask = 2147483647;
			files = (
			);
			runOnlyForDeploymentPostprocessing = 0;
		};
/* End PBXFrameworksBuildPhase section */

/* Begin PBXGroup section */
		E2CBD63A1A6FAA9200E3B179 = {
			isa = PBXGroup;
			children = (
				E2CBD6871A6FB07E00E3B179 /* SystemConfiguration.framework */,
				E2CBD6851A6FB06E00E3B179 /* StoreKit.framework */,
				E2CBD6831A6FB06500E3B179 /* Security.framework */,
				E2CBD6811A6FB05A00E3B179 /* QuartzCore.framework */,
				E2CBD67F1A6FB04600E3B179 /* MobileCoreServices.framework */,
				E2CBD67D1A6FB03E00E3B179 /* libz.dylib */,
				E2CBD67B1A6FB02A00E3B179 /* CoreLocation.framework */,
				E2CBD6791A6FB00F00E3B179 /* CoreGraphics.framework */,
				E2CBD6771A6FB00000E3B179 /* CFNetwork.framework */,
				E2CBD6751A6FAFE200E3B179 /* AudioToolbox.framework */,
				E2CBD6451A6FAA9200E3B179 /* IngPoll */,
				E2CBD65D1A6FAA9200E3B179 /* IngPollTests */,
				E2CBD6441A6FAA9200E3B179 /* Products */,
			);
			sourceTree = "<group>";
		};
		E2CBD6441A6FAA9200E3B179 /* Products */ = {
			isa = PBXGroup;
			children = (
				E2CBD6431A6FAA9200E3B179 /* IngPoll.app */,
				E2CBD65A1A6FAA9200E3B179 /* IngPollTests.xctest */,
			);
			name = Products;
			sourceTree = "<group>";
		};
		E2CBD6451A6FAA9200E3B179 /* IngPoll */ = {
			isa = PBXGroup;
			children = (
				E2CBD6481A6FAA9200E3B179 /* AppDelegate.swift */,
				E2CBD64A1A6FAA9200E3B179 /* FirstViewController.swift */,
				E2CBD64C1A6FAA9200E3B179 /* SecondViewController.swift */,
				E2CBD64E1A6FAA9200E3B179 /* Main.storyboard */,
				E25200C01A6FC57F00ACBD50 /* facebooklogin.png */,
				E2EC082C1A8F73F80076DC7E /* backgroundImage.png */,
				E21258BA1A977C2F00EB4210 /* evkur.png */,
				E26D27C31AB0A10F00F3008B /* info.png */,
				E26D27C41AB0A10F00F3008B /* poll.png */,
				E26D27C71AB0C31200F3008B /* launchScreen.jpg */,
				E2CBD6511A6FAA9200E3B179 /* Images.xcassets */,
				E2CBD6531A6FAA9200E3B179 /* LaunchScreen.xib */,
				E2CBD66F1A6FAF1C00E3B179 /* Bolts.framework */,
				E2CBD6701A6FAF1C00E3B179 /* Parse.framework */,
				E2CBD6711A6FAF1C00E3B179 /* ParseFacebookUtils.framework */,
				E2CBD66A1A6FAAEC00E3B179 /* FacebookSDK.framework */,
				E2CBD6461A6FAA9200E3B179 /* Supporting Files */,
				E2CBD66C1A6FADB200E3B179 /* IngPoll-Bridging-Header.h */,
				E25200BC1A6FC46300ACBD50 /* LoginViewController.swift */,
				E25200C21A6FC98C00ACBD50 /* SignUpViewController.swift */,
			);
			path = IngPoll;
			sourceTree = "<group>";
		};
		E2CBD6461A6FAA9200E3B179 /* Supporting Files */ = {
			isa = PBXGroup;
			children = (
				E2CBD6471A6FAA9200E3B179 /* Info.plist */,
			);
			name = "Supporting Files";
			sourceTree = "<group>";
		};
		E2CBD65D1A6FAA9200E3B179 /* IngPollTests */ = {
			isa = PBXGroup;
			children = (
				E2CBD6601A6FAA9200E3B179 /* IngPollTests.swift */,
				E2CBD65E1A6FAA9200E3B179 /* Supporting Files */,
			);
			path = IngPollTests;
			sourceTree = "<group>";
		};
		E2CBD65E1A6FAA9200E3B179 /* Supporting Files */ = {
			isa = PBXGroup;
			children = (
				E2CBD65F1A6FAA9200E3B179 /* Info.plist */,
			);
			name = "Supporting Files";
			sourceTree = "<group>";
		};
/* End PBXGroup section */

/* Begin PBXNativeTarget section */
		E2CBD6421A6FAA9200E3B179 /* IngPoll */ = {
			isa = PBXNativeTarget;
			buildConfigurationList = E2CBD6641A6FAA9200E3B179 /* Build configuration list for PBXNativeTarget "IngPoll" */;
			buildPhases = (
				E2CBD63F1A6FAA9200E3B179 /* Sources */,
				E2CBD6401A6FAA9200E3B179 /* Frameworks */,
				E2CBD6411A6FAA9200E3B179 /* Resources */,
			);
			buildRules = (
			);
			dependencies = (
			);
			name = IngPoll;
			productName = IngPoll;
			productReference = E2CBD6431A6FAA9200E3B179 /* IngPoll.app */;
			productType = "com.apple.product-type.application";
		};
		E2CBD6591A6FAA9200E3B179 /* IngPollTests */ = {
			isa = PBXNativeTarget;
			buildConfigurationList = E2CBD6671A6FAA9200E3B179 /* Build configuration list for PBXNativeTarget "IngPollTests" */;
			buildPhases = (
				E2CBD6561A6FAA9200E3B179 /* Sources */,
				E2CBD6571A6FAA9200E3B179 /* Frameworks */,
				E2CBD6581A6FAA9200E3B179 /* Resources */,
			);
			buildRules = (
			);
			dependencies = (
				E2CBD65C1A6FAA9200E3B179 /* PBXTargetDependency */,
			);
			name = IngPollTests;
			productName = IngPollTests;
			productReference = E2CBD65A1A6FAA9200E3B179 /* IngPollTests.xctest */;
			productType = "com.apple.product-type.bundle.unit-test";
		};
/* End PBXNativeTarget section */

/* Begin PBXProject section */
		E2CBD63B1A6FAA9200E3B179 /* Project object */ = {
			isa = PBXProject;
			attributes = {
				LastUpgradeCheck = 0610;
				ORGANIZATIONNAME = ProFreX;
				TargetAttributes = {
					E2CBD6421A6FAA9200E3B179 = {
						CreatedOnToolsVersion = 6.1.1;
						DevelopmentTeam = PTMC48VVFY;
					};
					E2CBD6591A6FAA9200E3B179 = {
						CreatedOnToolsVersion = 6.1.1;
						TestTargetID = E2CBD6421A6FAA9200E3B179;
					};
				};
			};
			buildConfigurationList = E2CBD63E1A6FAA9200E3B179 /* Build configuration list for PBXProject "IngPoll" */;
			compatibilityVersion = "Xcode 3.2";
			developmentRegion = English;
			hasScannedForEncodings = 0;
			knownRegions = (
				en,
				Base,
			);
			mainGroup = E2CBD63A1A6FAA9200E3B179;
			productRefGroup = E2CBD6441A6FAA9200E3B179 /* Products */;
			projectDirPath = "";
			projectRoot = "";
			targets = (
				E2CBD6421A6FAA9200E3B179 /* IngPoll */,
				E2CBD6591A6FAA9200E3B179 /* IngPollTests */,
			);
		};
/* End PBXProject section */

/* Begin PBXResourcesBuildPhase section */
		E2CBD6411A6FAA9200E3B179 /* Resources */ = {
			isa = PBXResourcesBuildPhase;
			buildActionMask = 2147483647;
			files = (
				E21258BB1A977C2F00EB4210 /* evkur.png in Resources */,
				E26D27C51AB0A10F00F3008B /* info.png in Resources */,
				E2CBD6501A6FAA9200E3B179 /* Main.storyboard in Resources */,
				E2CBD6551A6FAA9200E3B179 /* LaunchScreen.xib in Resources */,
				E26D27C81AB0C31200F3008B /* launchScreen.jpg in Resources */,
				E2CBD6521A6FAA9200E3B179 /* Images.xcassets in Resources */,
				E2EC082D1A8F73F80076DC7E /* backgroundImage.png in Resources */,
				E25200C11A6FC57F00ACBD50 /* facebooklogin.png in Resources */,
				E26D27C61AB0A10F00F3008B /* poll.png in Resources */,
			);
			runOnlyForDeploymentPostprocessing = 0;
		};
		E2CBD6581A6FAA9200E3B179 /* Resources */ = {
			isa = PBXResourcesBuildPhase;
			buildActionMask = 2147483647;
			files = (
			);
			runOnlyForDeploymentPostprocessing = 0;
		};
/* End PBXResourcesBuildPhase section */

/* Begin PBXSourcesBuildPhase section */
		E2CBD63F1A6FAA9200E3B179 /* Sources */ = {
			isa = PBXSourcesBuildPhase;
			buildActionMask = 2147483647;
			files = (
				E25200BD1A6FC46300ACBD50 /* LoginViewController.swift in Sources */,
				E2CBD64D1A6FAA9200E3B179 /* SecondViewController.swift in Sources */,
				E2CBD6491A6FAA9200E3B179 /* AppDelegate.swift in Sources */,
				E2CBD64B1A6FAA9200E3B179 /* FirstViewController.swift in Sources */,
				E25200C31A6FC98C00ACBD50 /* SignUpViewController.swift in Sources */,
			);
			runOnlyForDeploymentPostprocessing = 0;
		};
		E2CBD6561A6FAA9200E3B179 /* Sources */ = {
			isa = PBXSourcesBuildPhase;
			buildActionMask = 2147483647;
			files = (
				E2CBD6611A6FAA9200E3B179 /* IngPollTests.swift in Sources */,
			);
			runOnlyForDeploymentPostprocessing = 0;
		};
/* End PBXSourcesBuildPhase section */

/* Begin PBXTargetDependency section */
		E2CBD65C1A6FAA9200E3B179 /* PBXTargetDependency */ = {
			isa = PBXTargetDependency;
			target = E2CBD6421A6FAA9200E3B179 /* IngPoll */;
			targetProxy = E2CBD65B1A6FAA9200E3B179 /* PBXContainerItemProxy */;
		};
/* End PBXTargetDependency section */

/* Begin PBXVariantGroup section */
		E2CBD64E1A6FAA9200E3B179 /* Main.storyboard */ = {
			isa = PBXVariantGroup;
			children = (
				E2CBD64F1A6FAA9200E3B179 /* Base */,
			);
			name = Main.storyboard;
			sourceTree = "<group>";
		};
		E2CBD6531A6FAA9200E3B179 /* LaunchScreen.xib */ = {
			isa = PBXVariantGroup;
			children = (
				E2CBD6541A6FAA9200E3B179 /* Base */,
			);
			name = LaunchScreen.xib;
			sourceTree = "<group>";
		};
/* End PBXVariantGroup section */

/* Begin XCBuildConfiguration section */
		E2CBD6621A6FAA9200E3B179 /* Debug */ = {
			isa = XCBuildConfiguration;
			buildSettings = {
				ALWAYS_SEARCH_USER_PATHS = NO;
				CLANG_CXX_LANGUAGE_STANDARD = "gnu++0x";
				CLANG_CXX_LIBRARY = "libc++";
				CLANG_ENABLE_MODULES = YES;
				CLANG_ENABLE_OBJC_ARC = YES;
				CLANG_WARN_BOOL_CONVERSION = YES;
				CLANG_WARN_CONSTANT_CONVERSION = YES;
				CLANG_WARN_DIRECT_OBJC_ISA_USAGE = YES_ERROR;
				CLANG_WARN_EMPTY_BODY = YES;
				CLANG_WARN_ENUM_CONVERSION = YES;
				CLANG_WARN_INT_CONVERSION = YES;
				CLANG_WARN_OBJC_ROOT_CLASS = YES_ERROR;
				CLANG_WARN_UNREACHABLE_CODE = YES;
				CLANG_WARN__DUPLICATE_METHOD_MATCH = YES;
				"CODE_SIGN_IDENTITY[sdk=iphoneos*]" = "iPhone Developer";
				COPY_PHASE_STRIP = NO;
				ENABLE_STRICT_OBJC_MSGSEND = YES;
				GCC_C_LANGUAGE_STANDARD = gnu99;
				GCC_DYNAMIC_NO_PIC = NO;
				GCC_OPTIMIZATION_LEVEL = 0;
				GCC_PREPROCESSOR_DEFINITIONS = (
					"DEBUG=1",
					"$(inherited)",
				);
				GCC_SYMBOLS_PRIVATE_EXTERN = NO;
				GCC_WARN_64_TO_32_BIT_CONVERSION = YES;
				GCC_WARN_ABOUT_RETURN_TYPE = YES_ERROR;
				GCC_WARN_UNDECLARED_SELECTOR = YES;
				GCC_WARN_UNINITIALIZED_AUTOS = YES_AGGRESSIVE;
				GCC_WARN_UNUSED_FUNCTION = YES;
				GCC_WARN_UNUSED_VARIABLE = YES;
				IPHONEOS_DEPLOYMENT_TARGET = 7.0;
				MTL_ENABLE_DEBUG_INFO = YES;
				ONLY_ACTIVE_ARCH = YES;
				SDKROOT = iphoneos;
				SWIFT_OPTIMIZATION_LEVEL = "-Onone";
				TARGETED_DEVICE_FAMILY = "1,2";
			};
			name = Debug;
		};
		E2CBD6631A6FAA9200E3B179 /* Release */ = {
			isa = XCBuildConfiguration;
			buildSettings = {
				ALWAYS_SEARCH_USER_PATHS = NO;
				CLANG_CXX_LANGUAGE_STANDARD = "gnu++0x";
				CLANG_CXX_LIBRARY = "libc++";
				CLANG_ENABLE_MODULES = YES;
				CLANG_ENABLE_OBJC_ARC = YES;
				CLANG_WARN_BOOL_CONVERSION = YES;
				CLANG_WARN_CONSTANT_CONVERSION = YES;
				CLANG_WARN_DIRECT_OBJC_ISA_USAGE = YES_ERROR;
				CLANG_WARN_EMPTY_BODY = YES;
				CLANG_WARN_ENUM_CONVERSION = YES;
				CLANG_WARN_INT_CONVERSION = YES;
				CLANG_WARN_OBJC_ROOT_CLASS = YES_ERROR;
				CLANG_WARN_UNREACHABLE_CODE = YES;
				CLANG_WARN__DUPLICATE_METHOD_MATCH = YES;
				"CODE_SIGN_IDENTITY[sdk=iphoneos*]" = "iPhone Developer";
				COPY_PHASE_STRIP = YES;
				ENABLE_NS_ASSERTIONS = NO;
				ENABLE_STRICT_OBJC_MSGSEND = YES;
				GCC_C_LANGUAGE_STANDARD = gnu99;
				GCC_WARN_64_TO_32_BIT_CONVERSION = YES;
				GCC_WARN_ABOUT_RETURN_TYPE = YES_ERROR;
				GCC_WARN_UNDECLARED_SELECTOR = YES;
				GCC_WARN_UNINITIALIZED_AUTOS = YES_AGGRESSIVE;
				GCC_WARN_UNUSED_FUNCTION = YES;
				GCC_WARN_UNUSED_VARIABLE = YES;
				IPHONEOS_DEPLOYMENT_TARGET = 7.0;
				MTL_ENABLE_DEBUG_INFO = NO;
				SDKROOT = iphoneos;
				TARGETED_DEVICE_FAMILY = "1,2";
				VALIDATE_PRODUCT = YES;
			};
			name = Release;
		};
		E2CBD6651A6FAA9200E3B179 /* Debug */ = {
			isa = XCBuildConfiguration;
			buildSettings = {
				ASSETCATALOG_COMPILER_APPICON_NAME = AppIcon;
				CLANG_ENABLE_MODULES = YES;
				CODE_SIGN_IDENTITY = "iPhone Developer";
				"CODE_SIGN_IDENTITY[sdk=iphoneos*]" = "iPhone Developer";
				FRAMEWORK_SEARCH_PATHS = (
					"$(inherited)",
					"$(PROJECT_DIR)/IngPoll",
				);
				INFOPLIST_FILE = IngPoll/Info.plist;
				IPHONEOS_DEPLOYMENT_TARGET = 8.2;
				LD_RUNPATH_SEARCH_PATHS = "$(inherited) @executable_path/Frameworks";
				PRODUCT_NAME = "$(TARGET_NAME)";
				PROVISIONING_PROFILE = "";
				SWIFT_OBJC_BRIDGING_HEADER = "IngPoll/IngPoll-Bridging-Header.h";
				SWIFT_OPTIMIZATION_LEVEL = "-Onone";
				TARGETED_DEVICE_FAMILY = 1;
			};
			name = Debug;
		};
		E2CBD6661A6FAA9200E3B179 /* Release */ = {
			isa = XCBuildConfiguration;
			buildSettings = {
				ASSETCATALOG_COMPILER_APPICON_NAME = AppIcon;
				CLANG_ENABLE_MODULES = YES;
				CODE_SIGN_IDENTITY = "iPhone Developer";
				"CODE_SIGN_IDENTITY[sdk=iphoneos*]" = "iPhone Developer";
				FRAMEWORK_SEARCH_PATHS = (
					"$(inherited)",
					"$(PROJECT_DIR)/IngPoll",
				);
				INFOPLIST_FILE = IngPoll/Info.plist;
				IPHONEOS_DEPLOYMENT_TARGET = 8.2;
				LD_RUNPATH_SEARCH_PATHS = "$(inherited) @executable_path/Frameworks";
				PRODUCT_NAME = "$(TARGET_NAME)";
				PROVISIONING_PROFILE = "";
				SWIFT_OBJC_BRIDGING_HEADER = "IngPoll/IngPoll-Bridging-Header.h";
				TARGETED_DEVICE_FAMILY = 1;
			};
			name = Release;
		};
		E2CBD6681A6FAA9200E3B179 /* Debug */ = {
			isa = XCBuildConfiguration;
			buildSettings = {
				BUNDLE_LOADER = "$(TEST_HOST)";
				FRAMEWORK_SEARCH_PATHS = (
					"$(SDKROOT)/Developer/Library/Frameworks",
					"$(inherited)",
				);
				GCC_PREPROCESSOR_DEFINITIONS = (
					"DEBUG=1",
					"$(inherited)",
				);
				INFOPLIST_FILE = IngPollTests/Info.plist;
				LD_RUNPATH_SEARCH_PATHS = "$(inherited) @executable_path/Frameworks @loader_path/Frameworks";
				PRODUCT_NAME = "$(TARGET_NAME)";
				TEST_HOST = "$(BUILT_PRODUCTS_DIR)/IngPoll.app/IngPoll";
			};
			name = Debug;
		};
		E2CBD6691A6FAA9200E3B179 /* Release */ = {
			isa = XCBuildConfiguration;
			buildSettings = {
				BUNDLE_LOADER = "$(TEST_HOST)";
				FRAMEWORK_SEARCH_PATHS = (
					"$(SDKROOT)/Developer/Library/Frameworks",
					"$(inherited)",
				);
				INFOPLIST_FILE = IngPollTests/Info.plist;
				LD_RUNPATH_SEARCH_PATHS = "$(inherited) @executable_path/Frameworks @loader_path/Frameworks";
				PRODUCT_NAME = "$(TARGET_NAME)";
				TEST_HOST = "$(BUILT_PRODUCTS_DIR)/IngPoll.app/IngPoll";
			};
			name = Release;
		};
/* End XCBuildConfiguration section */

/* Begin XCConfigurationList section */
		E2CBD63E1A6FAA9200E3B179 /* Build configuration list for PBXProject "IngPoll" */ = {
			isa = XCConfigurationList;
			buildConfigurations = (
				E2CBD6621A6FAA9200E3B179 /* Debug */,
				E2CBD6631A6FAA9200E3B179 /* Release */,
			);
			defaultConfigurationIsVisible = 0;
			defaultConfigurationName = Release;
		};
		E2CBD6641A6FAA9200E3B179 /* Build configuration list for PBXNativeTarget "IngPoll" */ = {
			isa = XCConfigurationList;
			buildConfigurations = (
				E2CBD6651A6FAA9200E3B179 /* Debug */,
				E2CBD6661A6FAA9200E3B179 /* Release */,
			);
			defaultConfigurationIsVisible = 0;
			defaultConfigurationName = Release;
		};
		E2CBD6671A6FAA9200E3B179 /* Build configuration list for PBXNativeTarget "IngPollTests" */ = {
			isa = XCConfigurationList;
			buildConfigurations = (
				E2CBD6681A6FAA9200E3B179 /* Debug */,
				E2CBD6691A6FAA9200E3B179 /* Release */,
			);
			defaultConfigurationIsVisible = 0;
			defaultConfigurationName = Release;
		};
/* End XCConfigurationList section */
	};
	rootObject = E2CBD63B1A6FAA9200E3B179 /* Project object */;
}
